
Microsoft Visual Studio Solution File, Format Version 12.00
# Visual Studio 15
VisualStudioVersion = 15.0.28307.102
MinimumVisualStudioVersion = 10.0.40219.1
Project("{9A19103F-16F7-4668-BE54-9A1E7A4F7556}") = "IOUtils.Network.Configuration", "IOUtils.Network.Configuration\IOUtils.Network.Configuration.csproj", "{D6D21B3A-5A9B-4052-8A6A-E369DEC2B356}"
EndProject
Project("{9A19103F-16F7-4668-BE54-9A1E7A4F7556}") = "IOUtils.Network.ResourcePooling", "IOUtils.Network.ResourcePooling\IOUtils.Network.ResourcePooling.csproj", "{74CBCC33-FF15-421F-849A-2EFFAC6491AA}"
EndProject
Global
	GlobalSection(SolutionConfigurationPlatforms) = preSolution
		Debug|Any CPU = Debug|Any CPU
		Release|Any CPU = Release|Any CPU
	EndGlobalSection
	GlobalSection(ProjectConfigurationPlatforms) = postSolution
		{D6D21B3A-5A9B-4052-8A6A-E369DEC2B356}.Debug|Any CPU.ActiveCfg = Debug|Any CPU
		{D6D21B3A-5A9B-4052-8A6A-E369DEC2B356}.Debug|Any CPU.Build.0 = Debug|Any CPU
		{D6D21B3A-5A9B-4052-8A6A-E369DEC2B356}.Release|Any CPU.ActiveCfg = Release|Any CPU
		{D6D21B3A-5A9B-4052-8A6A-E369DEC2B356}.Release|Any CPU.Build.0 = Release|Any CPU
		{74CBCC33-FF15-421F-849A-2EFFAC6491AA}.Debug|Any CPU.ActiveCfg = Debug|Any CPU
		{74CBCC33-FF15-421F-849A-2EFFAC6491AA}.Debug|Any CPU.Build.0 = Debug|Any CPU
		{74CBCC33-FF15-421F-849A-2EFFAC6491AA}.Release|Any CPU.ActiveCfg = Release|Any CPU
		{74CBCC33-FF15-421F-849A-2EFFAC6491AA}.Release|Any CPU.Build.0 = Release|Any CPU
	EndGlobalSection
	GlobalSection(SolutionProperties) = preSolution
		HideSolutionNode = FALSE
	EndGlobalSection
	GlobalSection(ExtensibilityGlobals) = postSolution
		SolutionGuid = {14AA7AA8-3A76-40DC-A049-FC0BBEC9AB61}
	EndGlobalSection
EndGlobal
